github.com/clbanning/mxj v1.8.4 h1:LO8rsZ/FgMdQO6s+7X1ZTx64/uP7Eq+J+6IYnK/WCyo=
github.com/clbanning/mxj v1.8.4/go.mod h1:BVjHezgjiKpXdZsVQXDKSqTb2VyxT5Z4DOqT0+LmlKM=
github.com/davecgh/go-spew v1.1.0/go.mod h1:J7Y8YcW2NihsgmVo/mv3lAwl/skON4iLHjSsI+c5H38=
github.com/davecgh/go-spew v1.1.1/go.mod h1:J7Y8YcW2NihsgmVo/mv3lAwl/skON4iLHjSsI+c5H38=
github.com/go-sql-driver/mysql v1.6.0 h1:BCTh4TKNUYmOmMUcQ3IipzF5prigylS7XXjMnjR8HFw=
github.com/go-sql-driver/mysql v1.6.0/go.mod h1:DCzpHaOWr8IXmIStZouvnhqoel9Qv2LBy8hT2VhHyBg=
github.com/google/go-querystring v1.0.0 h1:Xkwi/a1rcvNgnUSQNfsophUO3//Sl7r/qQ7J/JIhB/M=
github.com/google/go-querystring v1.0.0/go.mod h1:odCYkC5MyYFN7vkCjXqy9tpQ0ZRtgIBWNKFnOUyNqjk=
github.com/google/uuid v1.1.1 h1:Gkbcsh/GbpXz7lPftLA3P6TYMwjCLYm83jiFQZF/3gY=
github.com/google/uuid v1.1.1/go.mod h1:TIyPZe4MgqvfeYDBFedMoGGpEw/LqOeaOT+nhxU+yHo=
github.com/jinzhu/inflection v1.0.0 h1:K317FqzuhWc8YvSVlY3su1QXy28tTlIkle66V9Ixnpk=
github.com/jinzhu/inflection v1.0.0/go.mod h1:h+uFLlag+Qp1va5pFQqmHGTqDq5toivfpnGTHQ3POJk=
github.com/jinzhu/now v1.1.2 h1:g3HkDN5XwC8yi3t/6/v002dC+845dK+P2e3r4pprIYk=
github.com/jinzhu/now v1.1.2/go.mod h1:d3SSVoowX0Lcu0Bl3qH+6wQdZ0TSW1F3v+gE33I6y5s=
github.com/mitchellh/mapstructure v1.4.3 h1:JEnb93n5MNqO1kYV04c7QYKR5h5hqM/q39xJmr65Y+o=
github.com/mitchellh/mapstructure v1.4.3/go.mod h1:bFShxpcgr7xi7fLGO7Mc+uGjOTvTq5fM4Hco1eyDXi0=
github.com/mozillazg/go-httpheader v0.2.1 h1:r7X0s1TCdkh8X0tJNsN8m+KsCw+yvb25VKkqCmQM6TU=
github.com/mozillazg/go-httpheader v0.2.1/go.mod h1:jJ8x7t1e63eZkZoyy54HC7171s72rD46gXAbh87Xj9w=
github.com/pmezard/go-difflib v1.0.0/go.mod h1:iKH77koFhYxTK1pcRnkKkqfTogsbg7gZNVY4sRDYZ/4=
github.com/stretchr/objx v0.1.0/go.mod h1:HFkY916IF+rwdDfMAkV7OtwuqBVzrE8GR6GFx+wExME=
github.com/stretchr/testify v1.7.0/go.mod h1:6Fq8oRcqaLONDMQf+/vpjnrCbYM6XXh0X9SjlkUPt05s=
github.com/tencentyun/cos-go-sdk-v5 v0.7.41 h1:l2+Em7O6wY/qO/B2g/gAAO+9m6YKXNMDw+W+MD1+C2o=
github.com/tencentyun/cos-go-sdk-v5 v0.7.41/go.mod h1:hMc+X7zMdIYyeOXl6C+rkYeRJ/6zgVMWM0/ZTAhCJDQ=
gopkg.in/check.v1 v0.0.0-20161208181325-20d25e280405/go.mod h1:Co6ibVJAznAaIkqp8huTwlJQCZ016jof/cbN4VW5Yz0=
gopkg.in/yaml.v3 v3.0.0-20200313102051-9f266ea9e77c/go.mod h1:K4uyk7z7BCEPqu6E+C64Yfv1cQ7kz7rIZviUmN+EgEM=
gorm.io/driver/mysql v1.1.2 h1:foZkQZg/M340536761vjn23OYY/1OZ+EqtsMd+7xuGQ=
gorm.io/driver/mysql v1.1.2/go.mod h1:3e7/X9/M/Y6Mv5g6+5/UV7V26/o+r2t13+4g1Z0DnOo=
gorm.io/gorm v1.21.16 h1:O/i0/7Vry5DUZgXqCoX3Q77rT14XIXIX60r7/MNykTU=
gorm.io/gorm v1.21.16/go.mod h1:nmdbbEPn/0b8RmdQ/68Qi5OI+Vxp784860Y3V7/QYVs=
